
Microsoft Visual Studio Solution File, Format Version 12.00
# Visual Studio 2013
VisualStudioVersion = 12.0.21005.1
MinimumVisualStudioVersion = 10.0.40219.1
Project("{FAE04EC0-301F-11D3-BF4B-00C04F79EFBC}") = "TYFYP", "TYFYP\TYFYP.csproj", "{6F238DF3-1319-4375-8DCA-8D3BCD4AD077}"
EndProject
Global
	GlobalSection(SolutionConfigurationPlatforms) = preSolution
		Debug|Any CPU = Debug|Any CPU
		Release|Any CPU = Release|Any CPU
	EndGlobalSection
	GlobalSection(ProjectConfigurationPlatforms) = postSolution
		{6F238DF3-1319-4375-8DCA-8D3BCD4AD077}.Debug|Any CPU.ActiveCfg = Debug|Any CPU
		{6F238DF3-1319-4375-8DCA-8D3BCD4AD077}.Debug|Any CPU.Build.0 = Debug|Any CPU
		{6F238DF3-1319-4375-8DCA-8D3BCD4AD077}.Release|Any CPU.ActiveCfg = Release|Any CPU
		{6F238DF3-1319-4375-8DCA-8D3BCD4AD077}.Release|Any CPU.Build.0 = Release|Any CPU
	EndGlobalSection
	GlobalSection(SolutionProperties) = preSolution
		HideSolutionNode = FALSE
	EndGlobalSection
EndGlobal
